
Microsoft Visual Studio Solution File, Format Version 12.00
# Visual Studio Version 17
VisualStudioVersion = 17.13.35828.75 d17.13
MinimumVisualStudioVersion = 10.0.40219.1
Project("{FAE04EC0-301F-11D3-BF4B-00C04F79EFBC}") = "BaralhoDeCartas.Jogos", "BaralhoDeCartas.Jogos\BaralhoDeCartas.Jogos.csproj", "{21B3934A-3416-42A2-A66C-E2D48DC30E31}"
EndProject
Project("{FAE04EC0-301F-11D3-BF4B-00C04F79EFBC}") = "BaralhoDeCartas.Teste", "BaralhoDeCartas.Teste\BaralhoDeCartas.Teste.csproj", "{FC593833-2CB2-4A2C-9A13-960F73F15210}"
EndProject
Global
	GlobalSection(SolutionConfigurationPlatforms) = preSolution
		Debug|Any CPU = Debug|Any CPU
		Release|Any CPU = Release|Any CPU
	EndGlobalSection
	GlobalSection(ProjectConfigurationPlatforms) = postSolution
		{21B3934A-3416-42A2-A66C-E2D48DC30E31}.Debug|Any CPU.ActiveCfg = Debug|Any CPU
		{21B3934A-3416-42A2-A66C-E2D48DC30E31}.Debug|Any CPU.Build.0 = Debug|Any CPU
		{21B3934A-3416-42A2-A66C-E2D48DC30E31}.Release|Any CPU.ActiveCfg = Release|Any CPU
		{21B3934A-3416-42A2-A66C-E2D48DC30E31}.Release|Any CPU.Build.0 = Release|Any CPU
		{FC593833-2CB2-4A2C-9A13-960F73F15210}.Debug|Any CPU.ActiveCfg = Debug|Any CPU
		{FC593833-2CB2-4A2C-9A13-960F73F15210}.Debug|Any CPU.Build.0 = Debug|Any CPU
		{FC593833-2CB2-4A2C-9A13-960F73F15210}.Release|Any CPU.ActiveCfg = Release|Any CPU
		{FC593833-2CB2-4A2C-9A13-960F73F15210}.Release|Any CPU.Build.0 = Release|Any CPU
	EndGlobalSection
	GlobalSection(SolutionProperties) = preSolution
		HideSolutionNode = FALSE
	EndGlobalSection
	GlobalSection(ExtensibilityGlobals) = postSolution
		SolutionGuid = {F8139B1E-7158-45D2-8559-7EB77EFF1618}
	EndGlobalSection
EndGlobal
